# THIS IS AN AUTOGENERATED FILE. DO NOT EDIT THIS FILE DIRECTLY.
# yarn lockfile v1


"async-mutex@^0.3.2":
  "integrity" "sha512-HuTK7E7MT7jZEh1P9GtRW9+aTWiDWWi9InbZ5hjxrnRa39KS4BW04+xLBhYNS2aXhHUIKZSw3gj4Pn1pj+qGAA=="
  "resolved" "https://registry.npmjs.org/async-mutex/-/async-mutex-0.3.2.tgz"
  "version" "0.3.2"
  dependencies:
    "tslib" "^2.3.1"

"tslib@^2.3.1":
  "integrity" "sha512-AEYxH93jGFPn/a2iVAwW87VuUIkR1FVUKB77NwMF7nBTDkDrrT/Hpt/IrCJ0QXhW27jTBDcf5ZY7w6RiqTMw2Q=="
  "resolved" "https://registry.npmjs.org/tslib/-/tslib-2.6.2.tgz"
  "version" "2.6.2"

"z3-solver@^4.12.4":
  "integrity" "sha512-B9ymul40bvtGSW0OQYfcYan1EhGm0JV/HgbO24JikIhuEOUv2+mdcOVd4V3q89UOx2mA0MOv+6d5msVF+/yJ6g=="
  "resolved" "https://registry.npmjs.org/z3-solver/-/z3-solver-4.12.4.tgz"
  "version" "4.12.4"
  dependencies:
    "async-mutex" "^0.3.2"
